
Microsoft Visual Studio Solution File, Format Version 12.00
# Visual Studio 14
VisualStudioVersion = 14.0.25420.1
MinimumVisualStudioVersion = 10.0.40219.1
Project("{FAE04EC0-301F-11D3-BF4B-00C04F79EFBC}") = "MooBoo", "MooBoo\MooBoo.csproj", "{18AF5DF5-57AE-402C-A7AE-FB0E8D0D6A6B}"
EndProject
Project("{FAE04EC0-301F-11D3-BF4B-00C04F79EFBC}") = "MooBoo.ActiveWindowHook", "MooBoo.ActiveWindowHook\MooBoo.ActiveWindowHook.csproj", "{472F6B6E-AEB1-4F1F-B29C-8E9EEEA75CA0}"
EndProject
Project("{FAE04EC0-301F-11D3-BF4B-00C04F79EFBC}") = "MooBoo.Resources", "MooBoo.Resources\MooBoo.Resources.csproj", "{A2406863-E0ED-4A72-BB21-EB68B14DC595}"
EndProject
Project("{FAE04EC0-301F-11D3-BF4B-00C04F79EFBC}") = "MooBoo.ToggleWrapper", "MooBoo.ToggleWrapper\MooBoo.ToggleWrapper.csproj", "{96E3DFE1-0353-4BB6-8B72-5D913857EC1F}"
EndProject
Project("{FAE04EC0-301F-11D3-BF4B-00C04F79EFBC}") = "Mooboo.Demo", "Mooboo.Demo\Mooboo.Demo.csproj", "{9A2AD477-5E98-4A1A-87B5-99AB348771D0}"
EndProject
Project("{FAE04EC0-301F-11D3-BF4B-00C04F79EFBC}") = "MooBoo.DataAcessLayer", "MooBoo.DataAcessLayer\MooBoo.DataAcessLayer.csproj", "{FDF5DE33-BE37-46BF-B615-7FB7BF52ACD9}"
EndProject
Project("{FAE04EC0-301F-11D3-BF4B-00C04F79EFBC}") = "MooBoo.Infrastructure", "MooBoo.Infrastructure\MooBoo.Infrastructure.csproj", "{8ACD5CCC-14BC-4BCC-B68D-DD23E420D6A3}"
EndProject
Project("{FAE04EC0-301F-11D3-BF4B-00C04F79EFBC}") = "MooBoo.Model", "MooBoo.Model\MooBoo.Model.csproj", "{449C3C76-8520-4973-9384-3DCAE8E1328E}"
EndProject
Global
	GlobalSection(SolutionConfigurationPlatforms) = preSolution
		Debug|Any CPU = Debug|Any CPU
		Release|Any CPU = Release|Any CPU
	EndGlobalSection
	GlobalSection(ProjectConfigurationPlatforms) = postSolution
		{18AF5DF5-57AE-402C-A7AE-FB0E8D0D6A6B}.Debug|Any CPU.ActiveCfg = Debug|Any CPU
		{18AF5DF5-57AE-402C-A7AE-FB0E8D0D6A6B}.Debug|Any CPU.Build.0 = Debug|Any CPU
		{18AF5DF5-57AE-402C-A7AE-FB0E8D0D6A6B}.Release|Any CPU.ActiveCfg = Release|Any CPU
		{18AF5DF5-57AE-402C-A7AE-FB0E8D0D6A6B}.Release|Any CPU.Build.0 = Release|Any CPU
		{472F6B6E-AEB1-4F1F-B29C-8E9EEEA75CA0}.Debug|Any CPU.ActiveCfg = Debug|Any CPU
		{472F6B6E-AEB1-4F1F-B29C-8E9EEEA75CA0}.Debug|Any CPU.Build.0 = Debug|Any CPU
		{472F6B6E-AEB1-4F1F-B29C-8E9EEEA75CA0}.Release|Any CPU.ActiveCfg = Release|Any CPU
		{472F6B6E-AEB1-4F1F-B29C-8E9EEEA75CA0}.Release|Any CPU.Build.0 = Release|Any CPU
		{A2406863-E0ED-4A72-BB21-EB68B14DC595}.Debug|Any CPU.ActiveCfg = Debug|Any CPU
		{A2406863-E0ED-4A72-BB21-EB68B14DC595}.Debug|Any CPU.Build.0 = Debug|Any CPU
		{A2406863-E0ED-4A72-BB21-EB68B14DC595}.Release|Any CPU.ActiveCfg = Release|Any CPU
		{A2406863-E0ED-4A72-BB21-EB68B14DC595}.Release|Any CPU.Build.0 = Release|Any CPU
		{96E3DFE1-0353-4BB6-8B72-5D913857EC1F}.Debug|Any CPU.ActiveCfg = Debug|Any CPU
		{96E3DFE1-0353-4BB6-8B72-5D913857EC1F}.Debug|Any CPU.Build.0 = Debug|Any CPU
		{96E3DFE1-0353-4BB6-8B72-5D913857EC1F}.Release|Any CPU.ActiveCfg = Release|Any CPU
		{96E3DFE1-0353-4BB6-8B72-5D913857EC1F}.Release|Any CPU.Build.0 = Release|Any CPU
		{9A2AD477-5E98-4A1A-87B5-99AB348771D0}.Debug|Any CPU.ActiveCfg = Debug|Any CPU
		{9A2AD477-5E98-4A1A-87B5-99AB348771D0}.Debug|Any CPU.Build.0 = Debug|Any CPU
		{9A2AD477-5E98-4A1A-87B5-99AB348771D0}.Release|Any CPU.ActiveCfg = Release|Any CPU
		{9A2AD477-5E98-4A1A-87B5-99AB348771D0}.Release|Any CPU.Build.0 = Release|Any CPU
		{8ACD5CCC-14BC-4BCC-B68D-DD23E420D6A3}.Debug|Any CPU.ActiveCfg = Debug|Any CPU
		{8ACD5CCC-14BC-4BCC-B68D-DD23E420D6A3}.Debug|Any CPU.Build.0 = Debug|Any CPU
		{8ACD5CCC-14BC-4BCC-B68D-DD23E420D6A3}.Release|Any CPU.ActiveCfg = Release|Any CPU
		{8ACD5CCC-14BC-4BCC-B68D-DD23E420D6A3}.Release|Any CPU.Build.0 = Release|Any CPU
		{449C3C76-8520-4973-9384-3DCAE8E1328E}.Debug|Any CPU.ActiveCfg = Debug|Any CPU
		{449C3C76-8520-4973-9384-3DCAE8E1328E}.Debug|Any CPU.Build.0 = Debug|Any CPU
		{449C3C76-8520-4973-9384-3DCAE8E1328E}.Release|Any CPU.ActiveCfg = Release|Any CPU
		{449C3C76-8520-4973-9384-3DCAE8E1328E}.Release|Any CPU.Build.0 = Release|Any CPU
	EndGlobalSection
	GlobalSection(SolutionProperties) = preSolution
		HideSolutionNode = FALSE
	EndGlobalSection
EndGlobal
